
Microsoft Visual Studio Solution File, Format Version 12.00
# Visual Studio 15
VisualStudioVersion = 15.0.27004.2008
MinimumVisualStudioVersion = 10.0.40219.1
Project("{2150E333-8FDC-42A3-9474-1A3956D46DE8}") = "Solution Items", "Solution Items", "{238BF873-13DD-4E62-93CD-31A85EB65C0F}"
	ProjectSection(SolutionItems) = preProject
		.travis.yml = .travis.yml
		nuget.config = nuget.config
		README.md = README.md
	EndProjectSection
EndProject
Project("{9A19103F-16F7-4668-BE54-9A1E7A4F7556}") = "RaspberryPi.PiGPIO", "RaspberryPi.PiGPIO\RaspberryPi.PiGPIO.csproj", "{B5985AB3-2772-41CC-9A42-1E3BD10B5441}"
EndProject
Project("{9A19103F-16F7-4668-BE54-9A1E7A4F7556}") = "RaspberryPi.PiGPIO.Drivers", "RaspberryPi.PiGPIO.Drivers\RaspberryPi.PiGPIO.Drivers.csproj", "{6F93D11F-F01E-4FE2-95F1-0628D1C65AFE}"
EndProject
Project("{9A19103F-16F7-4668-BE54-9A1E7A4F7556}") = "RaspberryPi.PiGPIO.Animations", "RaspberryPi.PiGPIO.Animations\RaspberryPi.PiGPIO.Animations.csproj", "{337679BB-12A9-45AA-9134-C34762391F55}"
EndProject
Project("{9A19103F-16F7-4668-BE54-9A1E7A4F7556}") = "RaspberryPi.PiGPIO.Drivers.Drawings", "RaspberryPi.PiGPIO.Drivers.Drawings\RaspberryPi.PiGPIO.Drivers.Drawings.csproj", "{3D515A62-2870-42E8-A020-3CB62B02DB53}"
EndProject
Project("{2150E333-8FDC-42A3-9474-1A3956D46DE8}") = "Samples", "Samples", "{09795F9A-92A2-4D03-AA45-1A5B06999AAC}"
EndProject
Project("{9A19103F-16F7-4668-BE54-9A1E7A4F7556}") = "RaspberryPi.PiGPIO.Blink", "Samples\RaspberryPi.PiGPIO.Blink\RaspberryPi.PiGPIO.Blink.csproj", "{538A561D-D7B2-47C5-A421-220F2748DAE0}"
EndProject
Project("{9A19103F-16F7-4668-BE54-9A1E7A4F7556}") = "RaspberryPi.PiGPIO.Button", "Samples\RaspberryPi.PiGPIO.Button\RaspberryPi.PiGPIO.Button.csproj", "{77445E7B-5A58-41A4-88F9-2B999A038409}"
EndProject
Project("{9A19103F-16F7-4668-BE54-9A1E7A4F7556}") = "RaspberryPi.PiGPIO.Callbacks", "Samples\RaspberryPi.PiGPIO.Callbacks\RaspberryPi.PiGPIO.Callbacks.csproj", "{675BA46C-52FA-42DE-AC32-B9B1A5BC4104}"
EndProject
Project("{9A19103F-16F7-4668-BE54-9A1E7A4F7556}") = "RaspberryPi.Camera", "RaspberryPi.Camera\RaspberryPi.Camera.csproj", "{BBCD7DC5-873F-449D-9C88-1CF1D19841BF}"
EndProject
Project("{9A19103F-16F7-4668-BE54-9A1E7A4F7556}") = "RaspberryPi.Userland", "RaspberryPi.Userland\RaspberryPi.Userland.csproj", "{6517AD71-C1C0-4A9A-B075-68F4A519FF9D}"
EndProject
Project("{9A19103F-16F7-4668-BE54-9A1E7A4F7556}") = "RaspberryPi.LibNFC", "RaspberryPi.LibNFC\RaspberryPi.LibNFC.csproj", "{7757A8A4-C444-4DF0-B129-19EAD8D70859}"
EndProject
Project("{9A19103F-16F7-4668-BE54-9A1E7A4F7556}") = "RaspberryPi.LibNFC.NfcPoll", "Samples\RaspberryPi.LibNFC.NfcPoll\RaspberryPi.LibNFC.NfcPoll.csproj", "{5B16A3AF-DD22-4B8E-BC3E-A122D0CA6954}"
EndProject
Project("{9A19103F-16F7-4668-BE54-9A1E7A4F7556}") = "RaspberryPi.WiringPi", "RaspberryPi.WiringPi\RaspberryPi.WiringPi.csproj", "{0E4C2FC4-7417-464C-8F8E-846E5DEBFEEF}"
EndProject
Project("{9A19103F-16F7-4668-BE54-9A1E7A4F7556}") = "RaspberryPi.PiGPIO.Drivers.Drawings.ImageSharp", "RaspberryPi.PiGPIO.Drivers.Drawings.ImageSharp\RaspberryPi.PiGPIO.Drivers.Drawings.ImageSharp.csproj", "{D66E891D-E444-4FBA-A67B-CAAEE819FA41}"
EndProject
Project("{9A19103F-16F7-4668-BE54-9A1E7A4F7556}") = "FreetronicsDMD", "FreetronicsDMD\FreetronicsDMD.csproj", "{3AB8D399-0029-4078-B25F-FB40D1EBF44D}"
EndProject
Project("{9A19103F-16F7-4668-BE54-9A1E7A4F7556}") = "TestTLC", "TestTLC\TestTLC.csproj", "{DE8165B8-A501-4029-80CB-9072A4676702}"
EndProject
Project("{2150E333-8FDC-42A3-9474-1A3956D46DE8}") = "Drivers", "Drivers", "{1617A83E-E5F7-4F0C-A2E6-76CDB94D1B43}"
EndProject
Project("{2150E333-8FDC-42A3-9474-1A3956D46DE8}") = "NFC", "NFC", "{B3075A84-445A-47A2-9B03-FF2B6BC9FEAF}"
EndProject
Project("{9A19103F-16F7-4668-BE54-9A1E7A4F7556}") = "RaspberryPi.LibNFC.WebReader", "Samples\RaspberryPi.LibNFC.WebReader\RaspberryPi.LibNFC.WebReader.csproj", "{55E55B2A-6165-421E-A29C-47729E8F56B1}"
EndProject
Project("{9A19103F-16F7-4668-BE54-9A1E7A4F7556}") = "RaspberryPi.LibFreefare", "RaspberryPi.LibFreefare\RaspberryPi.LibFreefare.csproj", "{F3398AF4-2DB3-4D9B-AEAF-1E239E119600}"
EndProject
Project("{9A19103F-16F7-4668-BE54-9A1E7A4F7556}") = "CoremanDriverPoc", "CoremanDriverPoc\CoremanDriverPoc.csproj", "{05F01393-93D3-4589-BD7C-C4A04B6E1A0E}"
EndProject
Project("{2150E333-8FDC-42A3-9474-1A3956D46DE8}") = "Poc", "Poc", "{C891A45F-1BEF-4BA5-9D7B-5344C38F2A0F}"
EndProject
Project("{9A19103F-16F7-4668-BE54-9A1E7A4F7556}") = "RaspberryPi.LibLedMatrix", "RaspberryPi.LibLedMatrix\RaspberryPi.LibLedMatrix.csproj", "{7C47997C-398A-46AB-8297-751907481A2E}"
EndProject
Project("{9A19103F-16F7-4668-BE54-9A1E7A4F7556}") = "RaspberryPi.LibLedMatrix.ImageSharp", "RaspberryPi.LibLedMatrix.ImageSharp\RaspberryPi.LibLedMatrix.ImageSharp.csproj", "{53C0D89B-9781-48D3-89CA-3DF26B767DB2}"
EndProject
Project("{9A19103F-16F7-4668-BE54-9A1E7A4F7556}") = "LedMatrixPoc", "LedMatrixPoc\LedMatrixPoc.csproj", "{8B39595E-629A-4AE3-9463-47D3C72A28C3}"
EndProject
Project("{2150E333-8FDC-42A3-9474-1A3956D46DE8}") = "GPIO", "GPIO", "{3C7254FD-29E9-456E-AA65-8F46DC96FEA9}"
EndProject
Project("{2150E333-8FDC-42A3-9474-1A3956D46DE8}") = "Camera", "Camera", "{B79E8278-7C25-4355-96C8-A6012074DF6E}"
EndProject
Project("{9A19103F-16F7-4668-BE54-9A1E7A4F7556}") = "RaspberryPi.CameraToLedPanel", "Samples\RaspberryPi.CameraToLedPanel\RaspberryPi.CameraToLedPanel.csproj", "{466EB70C-189F-46E9-BB46-A082C4ECC978}"
EndProject
Project("{9A19103F-16F7-4668-BE54-9A1E7A4F7556}") = "RaspberryPi.RaspiStill", "Samples\RaspberryPi.RaspiStill\RaspberryPi.RaspiStill.csproj", "{3FF873DB-A3A6-48BD-95A3-CE2747155144}"
EndProject
Project("{9A19103F-16F7-4668-BE54-9A1E7A4F7556}") = "WebLedMatrixImageViewer", "Samples\WebLedMatrixImageViewer\WebLedMatrixImageViewer.csproj", "{9155B0A4-1D77-4A1C-9236-3C1F424D7154}"
EndProject
Project("{9A19103F-16F7-4668-BE54-9A1E7A4F7556}") = "OpenGlToMatrix", "Samples\OpenGlToMatrix\OpenGlToMatrix.csproj", "{70ED0301-9E63-4C2F-AB54-47BE8DB24C28}"
EndProject
Project("{9A19103F-16F7-4668-BE54-9A1E7A4F7556}") = "EglLoad", "EglLoad\EglLoad.csproj", "{A6DA79E0-1725-4CCA-8960-94FAEA939011}"
EndProject
Project("{FAE04EC0-301F-11D3-BF4B-00C04F79EFBC}") = "RaspberryPi.EscPos", "RaspberryPi.EscPos\RaspberryPi.EscPos.csproj", "{36730D4B-5A8B-41FB-A668-6D6495C3DE5C}"
EndProject
Project("{FAE04EC0-301F-11D3-BF4B-00C04F79EFBC}") = "RaspberryPi.EscPos.ImageSharp", "RaspberryPi.EscPos.ImageSharp\RaspberryPi.EscPos.ImageSharp.csproj", "{507C46FF-4BC3-45AB-861F-3ED873E0AA05}"
EndProject
Project("{FAE04EC0-301F-11D3-BF4B-00C04F79EFBC}") = "RaspberryPi.EscPos.Usb", "RaspberryPi.EscPos.Usb\RaspberryPi.EscPos.Usb.csproj", "{A9B6B53B-9C3E-41ED-9C4F-30D47CCBC741}"
EndProject
Project("{FAE04EC0-301F-11D3-BF4B-00C04F79EFBC}") = "EscPosTest", "Samples\EscPosTest\EscPosTest.csproj", "{82836E93-B044-4BA9-BB20-63DAE16D7A61}"
EndProject
Global
	GlobalSection(SolutionConfigurationPlatforms) = preSolution
		Debug|Any CPU = Debug|Any CPU
		Release|Any CPU = Release|Any CPU
	EndGlobalSection
	GlobalSection(ProjectConfigurationPlatforms) = postSolution
		{B5985AB3-2772-41CC-9A42-1E3BD10B5441}.Debug|Any CPU.ActiveCfg = Debug|Any CPU
		{B5985AB3-2772-41CC-9A42-1E3BD10B5441}.Debug|Any CPU.Build.0 = Debug|Any CPU
		{B5985AB3-2772-41CC-9A42-1E3BD10B5441}.Release|Any CPU.ActiveCfg = Release|Any CPU
		{B5985AB3-2772-41CC-9A42-1E3BD10B5441}.Release|Any CPU.Build.0 = Release|Any CPU
		{6F93D11F-F01E-4FE2-95F1-0628D1C65AFE}.Debug|Any CPU.ActiveCfg = Debug|Any CPU
		{6F93D11F-F01E-4FE2-95F1-0628D1C65AFE}.Debug|Any CPU.Build.0 = Debug|Any CPU
		{6F93D11F-F01E-4FE2-95F1-0628D1C65AFE}.Release|Any CPU.ActiveCfg = Release|Any CPU
		{6F93D11F-F01E-4FE2-95F1-0628D1C65AFE}.Release|Any CPU.Build.0 = Release|Any CPU
		{337679BB-12A9-45AA-9134-C34762391F55}.Debug|Any CPU.ActiveCfg = Debug|Any CPU
		{337679BB-12A9-45AA-9134-C34762391F55}.Debug|Any CPU.Build.0 = Debug|Any CPU
		{337679BB-12A9-45AA-9134-C34762391F55}.Release|Any CPU.ActiveCfg = Release|Any CPU
		{337679BB-12A9-45AA-9134-C34762391F55}.Release|Any CPU.Build.0 = Release|Any CPU
		{3D515A62-2870-42E8-A020-3CB62B02DB53}.Debug|Any CPU.ActiveCfg = Debug|Any CPU
		{3D515A62-2870-42E8-A020-3CB62B02DB53}.Debug|Any CPU.Build.0 = Debug|Any CPU
		{3D515A62-2870-42E8-A020-3CB62B02DB53}.Release|Any CPU.ActiveCfg = Release|Any CPU
		{3D515A62-2870-42E8-A020-3CB62B02DB53}.Release|Any CPU.Build.0 = Release|Any CPU
		{538A561D-D7B2-47C5-A421-220F2748DAE0}.Debug|Any CPU.ActiveCfg = Debug|Any CPU
		{538A561D-D7B2-47C5-A421-220F2748DAE0}.Debug|Any CPU.Build.0 = Debug|Any CPU
		{538A561D-D7B2-47C5-A421-220F2748DAE0}.Release|Any CPU.ActiveCfg = Release|Any CPU
		{538A561D-D7B2-47C5-A421-220F2748DAE0}.Release|Any CPU.Build.0 = Release|Any CPU
		{77445E7B-5A58-41A4-88F9-2B999A038409}.Debug|Any CPU.ActiveCfg = Debug|Any CPU
		{77445E7B-5A58-41A4-88F9-2B999A038409}.Debug|Any CPU.Build.0 = Debug|Any CPU
		{77445E7B-5A58-41A4-88F9-2B999A038409}.Release|Any CPU.ActiveCfg = Release|Any CPU
		{77445E7B-5A58-41A4-88F9-2B999A038409}.Release|Any CPU.Build.0 = Release|Any CPU
		{675BA46C-52FA-42DE-AC32-B9B1A5BC4104}.Debug|Any CPU.ActiveCfg = Debug|Any CPU
		{675BA46C-52FA-42DE-AC32-B9B1A5BC4104}.Debug|Any CPU.Build.0 = Debug|Any CPU
		{675BA46C-52FA-42DE-AC32-B9B1A5BC4104}.Release|Any CPU.ActiveCfg = Release|Any CPU
		{675BA46C-52FA-42DE-AC32-B9B1A5BC4104}.Release|Any CPU.Build.0 = Release|Any CPU
		{BBCD7DC5-873F-449D-9C88-1CF1D19841BF}.Debug|Any CPU.ActiveCfg = Debug|Any CPU
		{BBCD7DC5-873F-449D-9C88-1CF1D19841BF}.Debug|Any CPU.Build.0 = Debug|Any CPU
		{BBCD7DC5-873F-449D-9C88-1CF1D19841BF}.Release|Any CPU.ActiveCfg = Release|Any CPU
		{BBCD7DC5-873F-449D-9C88-1CF1D19841BF}.Release|Any CPU.Build.0 = Release|Any CPU
		{6517AD71-C1C0-4A9A-B075-68F4A519FF9D}.Debug|Any CPU.ActiveCfg = Debug|Any CPU
		{6517AD71-C1C0-4A9A-B075-68F4A519FF9D}.Debug|Any CPU.Build.0 = Debug|Any CPU
		{6517AD71-C1C0-4A9A-B075-68F4A519FF9D}.Release|Any CPU.ActiveCfg = Release|Any CPU
		{6517AD71-C1C0-4A9A-B075-68F4A519FF9D}.Release|Any CPU.Build.0 = Release|Any CPU
		{7757A8A4-C444-4DF0-B129-19EAD8D70859}.Debug|Any CPU.ActiveCfg = Debug|Any CPU
		{7757A8A4-C444-4DF0-B129-19EAD8D70859}.Debug|Any CPU.Build.0 = Debug|Any CPU
		{7757A8A4-C444-4DF0-B129-19EAD8D70859}.Release|Any CPU.ActiveCfg = Release|Any CPU
		{7757A8A4-C444-4DF0-B129-19EAD8D70859}.Release|Any CPU.Build.0 = Release|Any CPU
		{5B16A3AF-DD22-4B8E-BC3E-A122D0CA6954}.Debug|Any CPU.ActiveCfg = Debug|Any CPU
		{5B16A3AF-DD22-4B8E-BC3E-A122D0CA6954}.Debug|Any CPU.Build.0 = Debug|Any CPU
		{5B16A3AF-DD22-4B8E-BC3E-A122D0CA6954}.Release|Any CPU.ActiveCfg = Release|Any CPU
		{5B16A3AF-DD22-4B8E-BC3E-A122D0CA6954}.Release|Any CPU.Build.0 = Release|Any CPU
		{0E4C2FC4-7417-464C-8F8E-846E5DEBFEEF}.Debug|Any CPU.ActiveCfg = Debug|Any CPU
		{0E4C2FC4-7417-464C-8F8E-846E5DEBFEEF}.Debug|Any CPU.Build.0 = Debug|Any CPU
		{0E4C2FC4-7417-464C-8F8E-846E5DEBFEEF}.Release|Any CPU.ActiveCfg = Release|Any CPU
		{0E4C2FC4-7417-464C-8F8E-846E5DEBFEEF}.Release|Any CPU.Build.0 = Release|Any CPU
		{D66E891D-E444-4FBA-A67B-CAAEE819FA41}.Debug|Any CPU.ActiveCfg = Debug|Any CPU
		{D66E891D-E444-4FBA-A67B-CAAEE819FA41}.Debug|Any CPU.Build.0 = Debug|Any CPU
		{D66E891D-E444-4FBA-A67B-CAAEE819FA41}.Release|Any CPU.ActiveCfg = Release|Any CPU
		{D66E891D-E444-4FBA-A67B-CAAEE819FA41}.Release|Any CPU.Build.0 = Release|Any CPU
		{3AB8D399-0029-4078-B25F-FB40D1EBF44D}.Debug|Any CPU.ActiveCfg = Debug|Any CPU
		{3AB8D399-0029-4078-B25F-FB40D1EBF44D}.Debug|Any CPU.Build.0 = Debug|Any CPU
		{3AB8D399-0029-4078-B25F-FB40D1EBF44D}.Release|Any CPU.ActiveCfg = Release|Any CPU
		{3AB8D399-0029-4078-B25F-FB40D1EBF44D}.Release|Any CPU.Build.0 = Release|Any CPU
		{DE8165B8-A501-4029-80CB-9072A4676702}.Debug|Any CPU.ActiveCfg = Debug|Any CPU
		{DE8165B8-A501-4029-80CB-9072A4676702}.Debug|Any CPU.Build.0 = Debug|Any CPU
		{DE8165B8-A501-4029-80CB-9072A4676702}.Release|Any CPU.ActiveCfg = Release|Any CPU
		{DE8165B8-A501-4029-80CB-9072A4676702}.Release|Any CPU.Build.0 = Release|Any CPU
		{55E55B2A-6165-421E-A29C-47729E8F56B1}.Debug|Any CPU.ActiveCfg = Debug|Any CPU
		{55E55B2A-6165-421E-A29C-47729E8F56B1}.Debug|Any CPU.Build.0 = Debug|Any CPU
		{55E55B2A-6165-421E-A29C-47729E8F56B1}.Release|Any CPU.ActiveCfg = Release|Any CPU
		{55E55B2A-6165-421E-A29C-47729E8F56B1}.Release|Any CPU.Build.0 = Release|Any CPU
		{F3398AF4-2DB3-4D9B-AEAF-1E239E119600}.Debug|Any CPU.ActiveCfg = Debug|Any CPU
		{F3398AF4-2DB3-4D9B-AEAF-1E239E119600}.Debug|Any CPU.Build.0 = Debug|Any CPU
		{F3398AF4-2DB3-4D9B-AEAF-1E239E119600}.Release|Any CPU.ActiveCfg = Release|Any CPU
		{F3398AF4-2DB3-4D9B-AEAF-1E239E119600}.Release|Any CPU.Build.0 = Release|Any CPU
		{05F01393-93D3-4589-BD7C-C4A04B6E1A0E}.Debug|Any CPU.ActiveCfg = Debug|Any CPU
		{05F01393-93D3-4589-BD7C-C4A04B6E1A0E}.Debug|Any CPU.Build.0 = Debug|Any CPU
		{05F01393-93D3-4589-BD7C-C4A04B6E1A0E}.Release|Any CPU.ActiveCfg = Release|Any CPU
		{05F01393-93D3-4589-BD7C-C4A04B6E1A0E}.Release|Any CPU.Build.0 = Release|Any CPU
		{7C47997C-398A-46AB-8297-751907481A2E}.Debug|Any CPU.ActiveCfg = Debug|Any CPU
		{7C47997C-398A-46AB-8297-751907481A2E}.Debug|Any CPU.Build.0 = Debug|Any CPU
		{7C47997C-398A-46AB-8297-751907481A2E}.Release|Any CPU.ActiveCfg = Release|Any CPU
		{7C47997C-398A-46AB-8297-751907481A2E}.Release|Any CPU.Build.0 = Release|Any CPU
		{53C0D89B-9781-48D3-89CA-3DF26B767DB2}.Debug|Any CPU.ActiveCfg = Debug|Any CPU
		{53C0D89B-9781-48D3-89CA-3DF26B767DB2}.Debug|Any CPU.Build.0 = Debug|Any CPU
		{53C0D89B-9781-48D3-89CA-3DF26B767DB2}.Release|Any CPU.ActiveCfg = Release|Any CPU
		{53C0D89B-9781-48D3-89CA-3DF26B767DB2}.Release|Any CPU.Build.0 = Release|Any CPU
		{8B39595E-629A-4AE3-9463-47D3C72A28C3}.Debug|Any CPU.ActiveCfg = Debug|Any CPU
		{8B39595E-629A-4AE3-9463-47D3C72A28C3}.Debug|Any CPU.Build.0 = Debug|Any CPU
		{8B39595E-629A-4AE3-9463-47D3C72A28C3}.Release|Any CPU.ActiveCfg = Release|Any CPU
		{8B39595E-629A-4AE3-9463-47D3C72A28C3}.Release|Any CPU.Build.0 = Release|Any CPU
		{466EB70C-189F-46E9-BB46-A082C4ECC978}.Debug|Any CPU.ActiveCfg = Debug|Any CPU
		{466EB70C-189F-46E9-BB46-A082C4ECC978}.Debug|Any CPU.Build.0 = Debug|Any CPU
		{466EB70C-189F-46E9-BB46-A082C4ECC978}.Release|Any CPU.ActiveCfg = Release|Any CPU
		{466EB70C-189F-46E9-BB46-A082C4ECC978}.Release|Any CPU.Build.0 = Release|Any CPU
		{3FF873DB-A3A6-48BD-95A3-CE2747155144}.Debug|Any CPU.ActiveCfg = Debug|Any CPU
		{3FF873DB-A3A6-48BD-95A3-CE2747155144}.Debug|Any CPU.Build.0 = Debug|Any CPU
		{3FF873DB-A3A6-48BD-95A3-CE2747155144}.Release|Any CPU.ActiveCfg = Release|Any CPU
		{3FF873DB-A3A6-48BD-95A3-CE2747155144}.Release|Any CPU.Build.0 = Release|Any CPU
		{9155B0A4-1D77-4A1C-9236-3C1F424D7154}.Debug|Any CPU.ActiveCfg = Debug|Any CPU
		{9155B0A4-1D77-4A1C-9236-3C1F424D7154}.Debug|Any CPU.Build.0 = Debug|Any CPU
		{9155B0A4-1D77-4A1C-9236-3C1F424D7154}.Release|Any CPU.ActiveCfg = Release|Any CPU
		{9155B0A4-1D77-4A1C-9236-3C1F424D7154}.Release|Any CPU.Build.0 = Release|Any CPU
		{70ED0301-9E63-4C2F-AB54-47BE8DB24C28}.Debug|Any CPU.ActiveCfg = Debug|Any CPU
		{70ED0301-9E63-4C2F-AB54-47BE8DB24C28}.Debug|Any CPU.Build.0 = Debug|Any CPU
		{70ED0301-9E63-4C2F-AB54-47BE8DB24C28}.Release|Any CPU.ActiveCfg = Release|Any CPU
		{70ED0301-9E63-4C2F-AB54-47BE8DB24C28}.Release|Any CPU.Build.0 = Release|Any CPU
		{A6DA79E0-1725-4CCA-8960-94FAEA939011}.Debug|Any CPU.ActiveCfg = Debug|Any CPU
		{A6DA79E0-1725-4CCA-8960-94FAEA939011}.Debug|Any CPU.Build.0 = Debug|Any CPU
		{A6DA79E0-1725-4CCA-8960-94FAEA939011}.Release|Any CPU.ActiveCfg = Release|Any CPU
		{A6DA79E0-1725-4CCA-8960-94FAEA939011}.Release|Any CPU.Build.0 = Release|Any CPU
		{36730D4B-5A8B-41FB-A668-6D6495C3DE5C}.Debug|Any CPU.ActiveCfg = Debug|Any CPU
		{36730D4B-5A8B-41FB-A668-6D6495C3DE5C}.Debug|Any CPU.Build.0 = Debug|Any CPU
		{36730D4B-5A8B-41FB-A668-6D6495C3DE5C}.Release|Any CPU.ActiveCfg = Release|Any CPU
		{36730D4B-5A8B-41FB-A668-6D6495C3DE5C}.Release|Any CPU.Build.0 = Release|Any CPU
		{507C46FF-4BC3-45AB-861F-3ED873E0AA05}.Debug|Any CPU.ActiveCfg = Debug|Any CPU
		{507C46FF-4BC3-45AB-861F-3ED873E0AA05}.Debug|Any CPU.Build.0 = Debug|Any CPU
		{507C46FF-4BC3-45AB-861F-3ED873E0AA05}.Release|Any CPU.ActiveCfg = Release|Any CPU
		{507C46FF-4BC3-45AB-861F-3ED873E0AA05}.Release|Any CPU.Build.0 = Release|Any CPU
		{A9B6B53B-9C3E-41ED-9C4F-30D47CCBC741}.Debug|Any CPU.ActiveCfg = Debug|Any CPU
		{A9B6B53B-9C3E-41ED-9C4F-30D47CCBC741}.Debug|Any CPU.Build.0 = Debug|Any CPU
		{A9B6B53B-9C3E-41ED-9C4F-30D47CCBC741}.Release|Any CPU.ActiveCfg = Release|Any CPU
		{A9B6B53B-9C3E-41ED-9C4F-30D47CCBC741}.Release|Any CPU.Build.0 = Release|Any CPU
		{82836E93-B044-4BA9-BB20-63DAE16D7A61}.Debug|Any CPU.ActiveCfg = Debug|Any CPU
		{82836E93-B044-4BA9-BB20-63DAE16D7A61}.Debug|Any CPU.Build.0 = Debug|Any CPU
		{82836E93-B044-4BA9-BB20-63DAE16D7A61}.Release|Any CPU.ActiveCfg = Release|Any CPU
		{82836E93-B044-4BA9-BB20-63DAE16D7A61}.Release|Any CPU.Build.0 = Release|Any CPU
	EndGlobalSection
	GlobalSection(SolutionProperties) = preSolution
		HideSolutionNode = FALSE
	EndGlobalSection
	GlobalSection(NestedProjects) = preSolution
		{538A561D-D7B2-47C5-A421-220F2748DAE0} = {3C7254FD-29E9-456E-AA65-8F46DC96FEA9}
		{77445E7B-5A58-41A4-88F9-2B999A038409} = {3C7254FD-29E9-456E-AA65-8F46DC96FEA9}
		{675BA46C-52FA-42DE-AC32-B9B1A5BC4104} = {3C7254FD-29E9-456E-AA65-8F46DC96FEA9}
		{5B16A3AF-DD22-4B8E-BC3E-A122D0CA6954} = {B3075A84-445A-47A2-9B03-FF2B6BC9FEAF}
		{3AB8D399-0029-4078-B25F-FB40D1EBF44D} = {1617A83E-E5F7-4F0C-A2E6-76CDB94D1B43}
		{DE8165B8-A501-4029-80CB-9072A4676702} = {1617A83E-E5F7-4F0C-A2E6-76CDB94D1B43}
		{1617A83E-E5F7-4F0C-A2E6-76CDB94D1B43} = {09795F9A-92A2-4D03-AA45-1A5B06999AAC}
		{B3075A84-445A-47A2-9B03-FF2B6BC9FEAF} = {09795F9A-92A2-4D03-AA45-1A5B06999AAC}
		{55E55B2A-6165-421E-A29C-47729E8F56B1} = {B3075A84-445A-47A2-9B03-FF2B6BC9FEAF}
		{05F01393-93D3-4589-BD7C-C4A04B6E1A0E} = {C891A45F-1BEF-4BA5-9D7B-5344C38F2A0F}
		{8B39595E-629A-4AE3-9463-47D3C72A28C3} = {C891A45F-1BEF-4BA5-9D7B-5344C38F2A0F}
		{3C7254FD-29E9-456E-AA65-8F46DC96FEA9} = {09795F9A-92A2-4D03-AA45-1A5B06999AAC}
		{B79E8278-7C25-4355-96C8-A6012074DF6E} = {09795F9A-92A2-4D03-AA45-1A5B06999AAC}
		{466EB70C-189F-46E9-BB46-A082C4ECC978} = {B79E8278-7C25-4355-96C8-A6012074DF6E}
		{3FF873DB-A3A6-48BD-95A3-CE2747155144} = {C891A45F-1BEF-4BA5-9D7B-5344C38F2A0F}
		{9155B0A4-1D77-4A1C-9236-3C1F424D7154} = {09795F9A-92A2-4D03-AA45-1A5B06999AAC}
		{70ED0301-9E63-4C2F-AB54-47BE8DB24C28} = {C891A45F-1BEF-4BA5-9D7B-5344C38F2A0F}
		{A6DA79E0-1725-4CCA-8960-94FAEA939011} = {C891A45F-1BEF-4BA5-9D7B-5344C38F2A0F}
		{82836E93-B044-4BA9-BB20-63DAE16D7A61} = {C891A45F-1BEF-4BA5-9D7B-5344C38F2A0F}
	EndGlobalSection
	GlobalSection(ExtensibilityGlobals) = postSolution
		SolutionGuid = {0750EB6C-8318-41A4-A8E8-333258F26FF4}
	EndGlobalSection
EndGlobal
