
Microsoft Visual Studio Solution File, Format Version 12.00
# Visual Studio 15
VisualStudioVersion = 15.0.26730.16
MinimumVisualStudioVersion = 10.0.40219.1
Project("{2150E333-8FDC-42A3-9474-1A3956D46DE8}") = "Solution Items", "Solution Items", "{238BF873-13DD-4E62-93CD-31A85EB65C0F}"
	ProjectSection(SolutionItems) = preProject
		.travis.yml = .travis.yml
		nuget.config = nuget.config
		README.md = README.md
	EndProjectSection
EndProject
Project("{9A19103F-16F7-4668-BE54-9A1E7A4F7556}") = "RaspberryPi.PiGPIO", "RaspberryPi.PiGPIO\RaspberryPi.PiGPIO.csproj", "{B5985AB3-2772-41CC-9A42-1E3BD10B5441}"
EndProject
Project("{9A19103F-16F7-4668-BE54-9A1E7A4F7556}") = "RaspberryPi.PiGPIO.Drivers", "RaspberryPi.PiGPIO.Drivers\RaspberryPi.PiGPIO.Drivers.csproj", "{6F93D11F-F01E-4FE2-95F1-0628D1C65AFE}"
EndProject
Project("{9A19103F-16F7-4668-BE54-9A1E7A4F7556}") = "RaspberryPi.PiGPIO.Animations", "RaspberryPi.PiGPIO.Animations\RaspberryPi.PiGPIO.Animations.csproj", "{337679BB-12A9-45AA-9134-C34762391F55}"
EndProject
Project("{9A19103F-16F7-4668-BE54-9A1E7A4F7556}") = "RaspberryPi.PiGPIO.Drivers.Drawings", "RaspberryPi.PiGPIO.Drivers.Drawings\RaspberryPi.PiGPIO.Drivers.Drawings.csproj", "{3D515A62-2870-42E8-A020-3CB62B02DB53}"
EndProject
Project("{2150E333-8FDC-42A3-9474-1A3956D46DE8}") = "Samples", "Samples", "{09795F9A-92A2-4D03-AA45-1A5B06999AAC}"
EndProject
Project("{9A19103F-16F7-4668-BE54-9A1E7A4F7556}") = "RaspberryPi.PiGPIO.Blink", "Samples\RaspberryPi.PiGPIO.Blink\RaspberryPi.PiGPIO.Blink.csproj", "{538A561D-D7B2-47C5-A421-220F2748DAE0}"
EndProject
Project("{9A19103F-16F7-4668-BE54-9A1E7A4F7556}") = "RaspberryPi.PiGPIO.Button", "Samples\RaspberryPi.PiGPIO.Button\RaspberryPi.PiGPIO.Button.csproj", "{77445E7B-5A58-41A4-88F9-2B999A038409}"
EndProject
Project("{9A19103F-16F7-4668-BE54-9A1E7A4F7556}") = "RaspberryPi.PiGPIO.Callbacks", "Samples\RaspberryPi.PiGPIO.Callbacks\RaspberryPi.PiGPIO.Callbacks.csproj", "{675BA46C-52FA-42DE-AC32-B9B1A5BC4104}"
EndProject
Project("{9A19103F-16F7-4668-BE54-9A1E7A4F7556}") = "RaspberryPi.Camera", "RaspberryPi.Camera\RaspberryPi.Camera.csproj", "{BBCD7DC5-873F-449D-9C88-1CF1D19841BF}"
EndProject
Project("{9A19103F-16F7-4668-BE54-9A1E7A4F7556}") = "RaspberryPi.Userland", "RaspberryPi.Userland\RaspberryPi.Userland.csproj", "{6517AD71-C1C0-4A9A-B075-68F4A519FF9D}"
EndProject
Project("{9A19103F-16F7-4668-BE54-9A1E7A4F7556}") = "RaspberryPi.LibNFC", "RaspberryPi.LibNFC\RaspberryPi.LibNFC.csproj", "{7757A8A4-C444-4DF0-B129-19EAD8D70859}"
EndProject
Project("{9A19103F-16F7-4668-BE54-9A1E7A4F7556}") = "RaspberryPi.LibNFC.NfcPoll", "Samples\RaspberryPi.LibNFC.NfcPoll\RaspberryPi.LibNFC.NfcPoll.csproj", "{5B16A3AF-DD22-4B8E-BC3E-A122D0CA6954}"
EndProject
Project("{9A19103F-16F7-4668-BE54-9A1E7A4F7556}") = "RaspberryPi.WiringPi", "RaspberryPi.WiringPi\RaspberryPi.WiringPi.csproj", "{0E4C2FC4-7417-464C-8F8E-846E5DEBFEEF}"
EndProject
Project("{9A19103F-16F7-4668-BE54-9A1E7A4F7556}") = "RaspberryPi.PiGPIO.Drivers.Drawings.ImageSharp", "RaspberryPi.PiGPIO.Drivers.Drawings.ImageSharp\RaspberryPi.PiGPIO.Drivers.Drawings.ImageSharp.csproj", "{D66E891D-E444-4FBA-A67B-CAAEE819FA41}"
EndProject
Project("{9A19103F-16F7-4668-BE54-9A1E7A4F7556}") = "FreetronicsDMD", "FreetronicsDMD\FreetronicsDMD.csproj", "{3AB8D399-0029-4078-B25F-FB40D1EBF44D}"
EndProject
Project("{9A19103F-16F7-4668-BE54-9A1E7A4F7556}") = "TestTLC", "TestTLC\TestTLC.csproj", "{DE8165B8-A501-4029-80CB-9072A4676702}"
EndProject
Global
	GlobalSection(SolutionConfigurationPlatforms) = preSolution
		Debug|Any CPU = Debug|Any CPU
		Release|Any CPU = Release|Any CPU
	EndGlobalSection
	GlobalSection(ProjectConfigurationPlatforms) = postSolution
		{B5985AB3-2772-41CC-9A42-1E3BD10B5441}.Debug|Any CPU.ActiveCfg = Debug|Any CPU
		{B5985AB3-2772-41CC-9A42-1E3BD10B5441}.Debug|Any CPU.Build.0 = Debug|Any CPU
		{B5985AB3-2772-41CC-9A42-1E3BD10B5441}.Release|Any CPU.ActiveCfg = Release|Any CPU
		{B5985AB3-2772-41CC-9A42-1E3BD10B5441}.Release|Any CPU.Build.0 = Release|Any CPU
		{6F93D11F-F01E-4FE2-95F1-0628D1C65AFE}.Debug|Any CPU.ActiveCfg = Debug|Any CPU
		{6F93D11F-F01E-4FE2-95F1-0628D1C65AFE}.Debug|Any CPU.Build.0 = Debug|Any CPU
		{6F93D11F-F01E-4FE2-95F1-0628D1C65AFE}.Release|Any CPU.ActiveCfg = Release|Any CPU
		{6F93D11F-F01E-4FE2-95F1-0628D1C65AFE}.Release|Any CPU.Build.0 = Release|Any CPU
		{337679BB-12A9-45AA-9134-C34762391F55}.Debug|Any CPU.ActiveCfg = Debug|Any CPU
		{337679BB-12A9-45AA-9134-C34762391F55}.Debug|Any CPU.Build.0 = Debug|Any CPU
		{337679BB-12A9-45AA-9134-C34762391F55}.Release|Any CPU.ActiveCfg = Release|Any CPU
		{337679BB-12A9-45AA-9134-C34762391F55}.Release|Any CPU.Build.0 = Release|Any CPU
		{3D515A62-2870-42E8-A020-3CB62B02DB53}.Debug|Any CPU.ActiveCfg = Debug|Any CPU
		{3D515A62-2870-42E8-A020-3CB62B02DB53}.Debug|Any CPU.Build.0 = Debug|Any CPU
		{3D515A62-2870-42E8-A020-3CB62B02DB53}.Release|Any CPU.ActiveCfg = Release|Any CPU
		{3D515A62-2870-42E8-A020-3CB62B02DB53}.Release|Any CPU.Build.0 = Release|Any CPU
		{538A561D-D7B2-47C5-A421-220F2748DAE0}.Debug|Any CPU.ActiveCfg = Debug|Any CPU
		{538A561D-D7B2-47C5-A421-220F2748DAE0}.Debug|Any CPU.Build.0 = Debug|Any CPU
		{538A561D-D7B2-47C5-A421-220F2748DAE0}.Release|Any CPU.ActiveCfg = Release|Any CPU
		{538A561D-D7B2-47C5-A421-220F2748DAE0}.Release|Any CPU.Build.0 = Release|Any CPU
		{77445E7B-5A58-41A4-88F9-2B999A038409}.Debug|Any CPU.ActiveCfg = Debug|Any CPU
		{77445E7B-5A58-41A4-88F9-2B999A038409}.Debug|Any CPU.Build.0 = Debug|Any CPU
		{77445E7B-5A58-41A4-88F9-2B999A038409}.Release|Any CPU.ActiveCfg = Release|Any CPU
		{77445E7B-5A58-41A4-88F9-2B999A038409}.Release|Any CPU.Build.0 = Release|Any CPU
		{675BA46C-52FA-42DE-AC32-B9B1A5BC4104}.Debug|Any CPU.ActiveCfg = Debug|Any CPU
		{675BA46C-52FA-42DE-AC32-B9B1A5BC4104}.Debug|Any CPU.Build.0 = Debug|Any CPU
		{675BA46C-52FA-42DE-AC32-B9B1A5BC4104}.Release|Any CPU.ActiveCfg = Release|Any CPU
		{675BA46C-52FA-42DE-AC32-B9B1A5BC4104}.Release|Any CPU.Build.0 = Release|Any CPU
		{BBCD7DC5-873F-449D-9C88-1CF1D19841BF}.Debug|Any CPU.ActiveCfg = Debug|Any CPU
		{BBCD7DC5-873F-449D-9C88-1CF1D19841BF}.Debug|Any CPU.Build.0 = Debug|Any CPU
		{BBCD7DC5-873F-449D-9C88-1CF1D19841BF}.Release|Any CPU.ActiveCfg = Release|Any CPU
		{BBCD7DC5-873F-449D-9C88-1CF1D19841BF}.Release|Any CPU.Build.0 = Release|Any CPU
		{6517AD71-C1C0-4A9A-B075-68F4A519FF9D}.Debug|Any CPU.ActiveCfg = Debug|Any CPU
		{6517AD71-C1C0-4A9A-B075-68F4A519FF9D}.Debug|Any CPU.Build.0 = Debug|Any CPU
		{6517AD71-C1C0-4A9A-B075-68F4A519FF9D}.Release|Any CPU.ActiveCfg = Release|Any CPU
		{6517AD71-C1C0-4A9A-B075-68F4A519FF9D}.Release|Any CPU.Build.0 = Release|Any CPU
		{7757A8A4-C444-4DF0-B129-19EAD8D70859}.Debug|Any CPU.ActiveCfg = Debug|Any CPU
		{7757A8A4-C444-4DF0-B129-19EAD8D70859}.Debug|Any CPU.Build.0 = Debug|Any CPU
		{7757A8A4-C444-4DF0-B129-19EAD8D70859}.Release|Any CPU.ActiveCfg = Release|Any CPU
		{7757A8A4-C444-4DF0-B129-19EAD8D70859}.Release|Any CPU.Build.0 = Release|Any CPU
		{5B16A3AF-DD22-4B8E-BC3E-A122D0CA6954}.Debug|Any CPU.ActiveCfg = Debug|Any CPU
		{5B16A3AF-DD22-4B8E-BC3E-A122D0CA6954}.Debug|Any CPU.Build.0 = Debug|Any CPU
		{5B16A3AF-DD22-4B8E-BC3E-A122D0CA6954}.Release|Any CPU.ActiveCfg = Release|Any CPU
		{5B16A3AF-DD22-4B8E-BC3E-A122D0CA6954}.Release|Any CPU.Build.0 = Release|Any CPU
		{0E4C2FC4-7417-464C-8F8E-846E5DEBFEEF}.Debug|Any CPU.ActiveCfg = Debug|Any CPU
		{0E4C2FC4-7417-464C-8F8E-846E5DEBFEEF}.Debug|Any CPU.Build.0 = Debug|Any CPU
		{0E4C2FC4-7417-464C-8F8E-846E5DEBFEEF}.Release|Any CPU.ActiveCfg = Release|Any CPU
		{0E4C2FC4-7417-464C-8F8E-846E5DEBFEEF}.Release|Any CPU.Build.0 = Release|Any CPU
		{D66E891D-E444-4FBA-A67B-CAAEE819FA41}.Debug|Any CPU.ActiveCfg = Debug|Any CPU
		{D66E891D-E444-4FBA-A67B-CAAEE819FA41}.Debug|Any CPU.Build.0 = Debug|Any CPU
		{D66E891D-E444-4FBA-A67B-CAAEE819FA41}.Release|Any CPU.ActiveCfg = Release|Any CPU
		{D66E891D-E444-4FBA-A67B-CAAEE819FA41}.Release|Any CPU.Build.0 = Release|Any CPU
		{3AB8D399-0029-4078-B25F-FB40D1EBF44D}.Debug|Any CPU.ActiveCfg = Debug|Any CPU
		{3AB8D399-0029-4078-B25F-FB40D1EBF44D}.Debug|Any CPU.Build.0 = Debug|Any CPU
		{3AB8D399-0029-4078-B25F-FB40D1EBF44D}.Release|Any CPU.ActiveCfg = Release|Any CPU
		{3AB8D399-0029-4078-B25F-FB40D1EBF44D}.Release|Any CPU.Build.0 = Release|Any CPU
		{DE8165B8-A501-4029-80CB-9072A4676702}.Debug|Any CPU.ActiveCfg = Debug|Any CPU
		{DE8165B8-A501-4029-80CB-9072A4676702}.Debug|Any CPU.Build.0 = Debug|Any CPU
		{DE8165B8-A501-4029-80CB-9072A4676702}.Release|Any CPU.ActiveCfg = Release|Any CPU
		{DE8165B8-A501-4029-80CB-9072A4676702}.Release|Any CPU.Build.0 = Release|Any CPU
	EndGlobalSection
	GlobalSection(SolutionProperties) = preSolution
		HideSolutionNode = FALSE
	EndGlobalSection
	GlobalSection(NestedProjects) = preSolution
		{538A561D-D7B2-47C5-A421-220F2748DAE0} = {09795F9A-92A2-4D03-AA45-1A5B06999AAC}
		{77445E7B-5A58-41A4-88F9-2B999A038409} = {09795F9A-92A2-4D03-AA45-1A5B06999AAC}
		{675BA46C-52FA-42DE-AC32-B9B1A5BC4104} = {09795F9A-92A2-4D03-AA45-1A5B06999AAC}
		{5B16A3AF-DD22-4B8E-BC3E-A122D0CA6954} = {09795F9A-92A2-4D03-AA45-1A5B06999AAC}
		{3AB8D399-0029-4078-B25F-FB40D1EBF44D} = {09795F9A-92A2-4D03-AA45-1A5B06999AAC}
		{DE8165B8-A501-4029-80CB-9072A4676702} = {09795F9A-92A2-4D03-AA45-1A5B06999AAC}
	EndGlobalSection
	GlobalSection(ExtensibilityGlobals) = postSolution
		SolutionGuid = {0750EB6C-8318-41A4-A8E8-333258F26FF4}
	EndGlobalSection
EndGlobal
