
Microsoft Visual Studio Solution File, Format Version 12.00
# Visual Studio 15
VisualStudioVersion = 15.0.27004.2005
MinimumVisualStudioVersion = 10.0.40219.1
Project("{2150E333-8FDC-42A3-9474-1A3956D46DE8}") = "Solution Items", "Solution Items", "{238BF873-13DD-4E62-93CD-31A85EB65C0F}"
	ProjectSection(SolutionItems) = preProject
		.travis.yml = .travis.yml
		nuget.config = nuget.config
		README.md = README.md
	EndProjectSection
EndProject
Project("{9A19103F-16F7-4668-BE54-9A1E7A4F7556}") = "BorneTest", "BorneTest\BorneTest.csproj", "{74EF8FFD-6FD9-4264-9A37-3588859F170E}"
EndProject
Project("{9A19103F-16F7-4668-BE54-9A1E7A4F7556}") = "TestTLC", "TestTLC\TestTLC.csproj", "{E64D9C93-2E7F-4BC7-A0C5-4404887D5742}"
EndProject
Project("{9A19103F-16F7-4668-BE54-9A1E7A4F7556}") = "RaspberryPi.PiGPIO", "RaspberryPi.PiGPIO\RaspberryPi.PiGPIO.csproj", "{3B7140A2-4574-4B4D-B730-3CF412193AC1}"
EndProject
Project("{9A19103F-16F7-4668-BE54-9A1E7A4F7556}") = "RaspberryPi.PiGPIO.Drivers", "RaspberryPi.PiGPIO.Drivers\RaspberryPi.PiGPIO.Drivers.csproj", "{C8742534-281C-4E22-8F7A-002F0D95D6F2}"
EndProject
Project("{9A19103F-16F7-4668-BE54-9A1E7A4F7556}") = "RaspberryPi.PiGPIO.Drivers.Drawings", "RaspberryPi.PiGPIO.Drivers.Drawings\RaspberryPi.PiGPIO.Drivers.Drawings.csproj", "{D58E9F43-5550-4E1C-861B-0FA73DB8BDBC}"
EndProject
Project("{9A19103F-16F7-4668-BE54-9A1E7A4F7556}") = "RaspberryPi.PiGPIO.Animations", "RaspberryPi.PiGPIO.Animations\RaspberryPi.PiGPIO.Animations.csproj", "{948E7BBB-4590-495F-A3DC-8DDEB61E6C7B}"
EndProject
Project("{9A19103F-16F7-4668-BE54-9A1E7A4F7556}") = "RaspberryPi.Userland", "RaspberryPi.Userland\RaspberryPi.Userland.csproj", "{785C5DE2-92E8-469C-9EFD-D7C8FB5254E8}"
EndProject
Project("{9A19103F-16F7-4668-BE54-9A1E7A4F7556}") = "RaspberryPi.LibNFC", "RaspberryPi.LibNFC\RaspberryPi.LibNFC.csproj", "{4592DC7E-C138-40FF-B225-EB0D42F3F92F}"
EndProject
Project("{9A19103F-16F7-4668-BE54-9A1E7A4F7556}") = "Borne.Web", "Borne.Web\Borne.Web.csproj", "{983CF731-1329-43EE-8B34-8E09A708EF14}"
EndProject
Project("{9A19103F-16F7-4668-BE54-9A1E7A4F7556}") = "RaspberryPi.Camera", "RaspberryPi.Camera\RaspberryPi.Camera.csproj", "{D3D4B786-A373-477E-BFF9-CD09E98B036F}"
EndProject
Project("{2150E333-8FDC-42A3-9474-1A3956D46DE8}") = "POC", "POC", "{BD22F841-D4D3-47E8-9E9C-F5FE86372C2B}"
EndProject
Project("{9A19103F-16F7-4668-BE54-9A1E7A4F7556}") = "CoremanDriverPoc", "CoremanDriverPoc\CoremanDriverPoc.csproj", "{08E1A22A-830F-4FE7-ACEA-75FF2176DE25}"
EndProject
Project("{8BC9CEB8-8B4A-11D0-8D11-00A0C91BC942}") = "RaspiCubeDisplay", "RaspiCubeDisplay\RaspiCubeDisplay.vcxproj", "{9DCD07F6-9A48-4A7C-A6EC-BC8DBC9B319D}"
EndProject
Project("{9A19103F-16F7-4668-BE54-9A1E7A4F7556}") = "FreetronicsDMD", "FreetronicsDMD\FreetronicsDMD.csproj", "{5C89BFD9-D73B-4F88-A2B6-DC52BDF958E4}"
EndProject
Project("{9A19103F-16F7-4668-BE54-9A1E7A4F7556}") = "RaspberryPi.PiGPIO.Drivers.Drawings.ImageSharp", "RaspberryPi.PiGPIO.Drivers.Drawings.ImageSharp\RaspberryPi.PiGPIO.Drivers.Drawings.ImageSharp.csproj", "{275670BE-9DB4-4D7E-8719-500589160866}"
EndProject
Project("{9A19103F-16F7-4668-BE54-9A1E7A4F7556}") = "RaspberryPi.PiGPIO.Drivers.Tests", "RaspberryPi.PiGPIO.Drivers.Tests\RaspberryPi.PiGPIO.Drivers.Tests.csproj", "{5B58F4C0-D523-4514-B636-3B73C52DB7FD}"
EndProject
Project("{9A19103F-16F7-4668-BE54-9A1E7A4F7556}") = "RaspberryPi.RgbLedMatrix", "RaspberryPi.RgbLedMatrix\RaspberryPi.RgbLedMatrix.csproj", "{DE820568-FAD9-43CF-9F32-C10A31B35ECE}"
EndProject
Project("{9A19103F-16F7-4668-BE54-9A1E7A4F7556}") = "RaspberryPi.RgbLedMatrix.ImageSharp", "RaspberryPi.RgbLedMatrix.ImageSharp\RaspberryPi.RgbLedMatrix.ImageSharp.csproj", "{11F34A2D-6391-428D-8756-D5C2F7690AB5}"
EndProject
Project("{9A19103F-16F7-4668-BE54-9A1E7A4F7556}") = "WebPiGPIO", "WebPiGPIO\WebPiGPIO.csproj", "{E730AD89-9794-4D05-B0D2-472EBEFD1F72}"
EndProject
Project("{9A19103F-16F7-4668-BE54-9A1E7A4F7556}") = "WebPiGPIO.Hubs", "WebPiGPIO.Hubs\WebPiGPIO.Hubs.csproj", "{AE2BB996-A56E-45CA-ABF1-5945EEE8E8DE}"
EndProject
Project("{9A19103F-16F7-4668-BE54-9A1E7A4F7556}") = "RaspberryPi.LibNFC.NfcPoll", "Samples\RaspberryPi.LibNFC.NfcPoll\RaspberryPi.LibNFC.NfcPoll.csproj", "{A3929C97-533D-4105-A85D-AA8AFE22E0D0}"
EndProject
Project("{FAE04EC0-301F-11D3-BF4B-00C04F79EFBC}") = "RaspberryPi.LibFreefare", "RaspberryPi.LibFreefare\RaspberryPi.LibFreefare.csproj", "{1C245579-7C47-4E91-9C82-AFBAA45A9B40}"
EndProject
Global
	GlobalSection(SolutionConfigurationPlatforms) = preSolution
		Debug|Any CPU = Debug|Any CPU
		Debug|x64 = Debug|x64
		Debug|x86 = Debug|x86
		Release|Any CPU = Release|Any CPU
		Release|x64 = Release|x64
		Release|x86 = Release|x86
	EndGlobalSection
	GlobalSection(ProjectConfigurationPlatforms) = postSolution
		{74EF8FFD-6FD9-4264-9A37-3588859F170E}.Debug|Any CPU.ActiveCfg = Debug|Any CPU
		{74EF8FFD-6FD9-4264-9A37-3588859F170E}.Debug|Any CPU.Build.0 = Debug|Any CPU
		{74EF8FFD-6FD9-4264-9A37-3588859F170E}.Debug|x64.ActiveCfg = Debug|Any CPU
		{74EF8FFD-6FD9-4264-9A37-3588859F170E}.Debug|x64.Build.0 = Debug|Any CPU
		{74EF8FFD-6FD9-4264-9A37-3588859F170E}.Debug|x86.ActiveCfg = Debug|Any CPU
		{74EF8FFD-6FD9-4264-9A37-3588859F170E}.Debug|x86.Build.0 = Debug|Any CPU
		{74EF8FFD-6FD9-4264-9A37-3588859F170E}.Release|Any CPU.ActiveCfg = Release|Any CPU
		{74EF8FFD-6FD9-4264-9A37-3588859F170E}.Release|Any CPU.Build.0 = Release|Any CPU
		{74EF8FFD-6FD9-4264-9A37-3588859F170E}.Release|x64.ActiveCfg = Release|Any CPU
		{74EF8FFD-6FD9-4264-9A37-3588859F170E}.Release|x64.Build.0 = Release|Any CPU
		{74EF8FFD-6FD9-4264-9A37-3588859F170E}.Release|x86.ActiveCfg = Release|Any CPU
		{74EF8FFD-6FD9-4264-9A37-3588859F170E}.Release|x86.Build.0 = Release|Any CPU
		{E64D9C93-2E7F-4BC7-A0C5-4404887D5742}.Debug|Any CPU.ActiveCfg = Debug|Any CPU
		{E64D9C93-2E7F-4BC7-A0C5-4404887D5742}.Debug|Any CPU.Build.0 = Debug|Any CPU
		{E64D9C93-2E7F-4BC7-A0C5-4404887D5742}.Debug|x64.ActiveCfg = Debug|Any CPU
		{E64D9C93-2E7F-4BC7-A0C5-4404887D5742}.Debug|x64.Build.0 = Debug|Any CPU
		{E64D9C93-2E7F-4BC7-A0C5-4404887D5742}.Debug|x86.ActiveCfg = Debug|Any CPU
		{E64D9C93-2E7F-4BC7-A0C5-4404887D5742}.Debug|x86.Build.0 = Debug|Any CPU
		{E64D9C93-2E7F-4BC7-A0C5-4404887D5742}.Release|Any CPU.ActiveCfg = Release|Any CPU
		{E64D9C93-2E7F-4BC7-A0C5-4404887D5742}.Release|Any CPU.Build.0 = Release|Any CPU
		{E64D9C93-2E7F-4BC7-A0C5-4404887D5742}.Release|x64.ActiveCfg = Release|Any CPU
		{E64D9C93-2E7F-4BC7-A0C5-4404887D5742}.Release|x64.Build.0 = Release|Any CPU
		{E64D9C93-2E7F-4BC7-A0C5-4404887D5742}.Release|x86.ActiveCfg = Release|Any CPU
		{E64D9C93-2E7F-4BC7-A0C5-4404887D5742}.Release|x86.Build.0 = Release|Any CPU
		{3B7140A2-4574-4B4D-B730-3CF412193AC1}.Debug|Any CPU.ActiveCfg = Debug|Any CPU
		{3B7140A2-4574-4B4D-B730-3CF412193AC1}.Debug|Any CPU.Build.0 = Debug|Any CPU
		{3B7140A2-4574-4B4D-B730-3CF412193AC1}.Debug|x64.ActiveCfg = Debug|Any CPU
		{3B7140A2-4574-4B4D-B730-3CF412193AC1}.Debug|x64.Build.0 = Debug|Any CPU
		{3B7140A2-4574-4B4D-B730-3CF412193AC1}.Debug|x86.ActiveCfg = Debug|Any CPU
		{3B7140A2-4574-4B4D-B730-3CF412193AC1}.Debug|x86.Build.0 = Debug|Any CPU
		{3B7140A2-4574-4B4D-B730-3CF412193AC1}.Release|Any CPU.ActiveCfg = Release|Any CPU
		{3B7140A2-4574-4B4D-B730-3CF412193AC1}.Release|Any CPU.Build.0 = Release|Any CPU
		{3B7140A2-4574-4B4D-B730-3CF412193AC1}.Release|x64.ActiveCfg = Release|Any CPU
		{3B7140A2-4574-4B4D-B730-3CF412193AC1}.Release|x64.Build.0 = Release|Any CPU
		{3B7140A2-4574-4B4D-B730-3CF412193AC1}.Release|x86.ActiveCfg = Release|Any CPU
		{3B7140A2-4574-4B4D-B730-3CF412193AC1}.Release|x86.Build.0 = Release|Any CPU
		{C8742534-281C-4E22-8F7A-002F0D95D6F2}.Debug|Any CPU.ActiveCfg = Debug|Any CPU
		{C8742534-281C-4E22-8F7A-002F0D95D6F2}.Debug|Any CPU.Build.0 = Debug|Any CPU
		{C8742534-281C-4E22-8F7A-002F0D95D6F2}.Debug|x64.ActiveCfg = Debug|Any CPU
		{C8742534-281C-4E22-8F7A-002F0D95D6F2}.Debug|x64.Build.0 = Debug|Any CPU
		{C8742534-281C-4E22-8F7A-002F0D95D6F2}.Debug|x86.ActiveCfg = Debug|Any CPU
		{C8742534-281C-4E22-8F7A-002F0D95D6F2}.Debug|x86.Build.0 = Debug|Any CPU
		{C8742534-281C-4E22-8F7A-002F0D95D6F2}.Release|Any CPU.ActiveCfg = Release|Any CPU
		{C8742534-281C-4E22-8F7A-002F0D95D6F2}.Release|Any CPU.Build.0 = Release|Any CPU
		{C8742534-281C-4E22-8F7A-002F0D95D6F2}.Release|x64.ActiveCfg = Release|Any CPU
		{C8742534-281C-4E22-8F7A-002F0D95D6F2}.Release|x64.Build.0 = Release|Any CPU
		{C8742534-281C-4E22-8F7A-002F0D95D6F2}.Release|x86.ActiveCfg = Release|Any CPU
		{C8742534-281C-4E22-8F7A-002F0D95D6F2}.Release|x86.Build.0 = Release|Any CPU
		{D58E9F43-5550-4E1C-861B-0FA73DB8BDBC}.Debug|Any CPU.ActiveCfg = Debug|Any CPU
		{D58E9F43-5550-4E1C-861B-0FA73DB8BDBC}.Debug|Any CPU.Build.0 = Debug|Any CPU
		{D58E9F43-5550-4E1C-861B-0FA73DB8BDBC}.Debug|x64.ActiveCfg = Debug|Any CPU
		{D58E9F43-5550-4E1C-861B-0FA73DB8BDBC}.Debug|x64.Build.0 = Debug|Any CPU
		{D58E9F43-5550-4E1C-861B-0FA73DB8BDBC}.Debug|x86.ActiveCfg = Debug|Any CPU
		{D58E9F43-5550-4E1C-861B-0FA73DB8BDBC}.Debug|x86.Build.0 = Debug|Any CPU
		{D58E9F43-5550-4E1C-861B-0FA73DB8BDBC}.Release|Any CPU.ActiveCfg = Release|Any CPU
		{D58E9F43-5550-4E1C-861B-0FA73DB8BDBC}.Release|Any CPU.Build.0 = Release|Any CPU
		{D58E9F43-5550-4E1C-861B-0FA73DB8BDBC}.Release|x64.ActiveCfg = Release|Any CPU
		{D58E9F43-5550-4E1C-861B-0FA73DB8BDBC}.Release|x64.Build.0 = Release|Any CPU
		{D58E9F43-5550-4E1C-861B-0FA73DB8BDBC}.Release|x86.ActiveCfg = Release|Any CPU
		{D58E9F43-5550-4E1C-861B-0FA73DB8BDBC}.Release|x86.Build.0 = Release|Any CPU
		{948E7BBB-4590-495F-A3DC-8DDEB61E6C7B}.Debug|Any CPU.ActiveCfg = Debug|Any CPU
		{948E7BBB-4590-495F-A3DC-8DDEB61E6C7B}.Debug|Any CPU.Build.0 = Debug|Any CPU
		{948E7BBB-4590-495F-A3DC-8DDEB61E6C7B}.Debug|x64.ActiveCfg = Debug|Any CPU
		{948E7BBB-4590-495F-A3DC-8DDEB61E6C7B}.Debug|x64.Build.0 = Debug|Any CPU
		{948E7BBB-4590-495F-A3DC-8DDEB61E6C7B}.Debug|x86.ActiveCfg = Debug|Any CPU
		{948E7BBB-4590-495F-A3DC-8DDEB61E6C7B}.Debug|x86.Build.0 = Debug|Any CPU
		{948E7BBB-4590-495F-A3DC-8DDEB61E6C7B}.Release|Any CPU.ActiveCfg = Release|Any CPU
		{948E7BBB-4590-495F-A3DC-8DDEB61E6C7B}.Release|Any CPU.Build.0 = Release|Any CPU
		{948E7BBB-4590-495F-A3DC-8DDEB61E6C7B}.Release|x64.ActiveCfg = Release|Any CPU
		{948E7BBB-4590-495F-A3DC-8DDEB61E6C7B}.Release|x64.Build.0 = Release|Any CPU
		{948E7BBB-4590-495F-A3DC-8DDEB61E6C7B}.Release|x86.ActiveCfg = Release|Any CPU
		{948E7BBB-4590-495F-A3DC-8DDEB61E6C7B}.Release|x86.Build.0 = Release|Any CPU
		{785C5DE2-92E8-469C-9EFD-D7C8FB5254E8}.Debug|Any CPU.ActiveCfg = Debug|Any CPU
		{785C5DE2-92E8-469C-9EFD-D7C8FB5254E8}.Debug|Any CPU.Build.0 = Debug|Any CPU
		{785C5DE2-92E8-469C-9EFD-D7C8FB5254E8}.Debug|x64.ActiveCfg = Debug|Any CPU
		{785C5DE2-92E8-469C-9EFD-D7C8FB5254E8}.Debug|x64.Build.0 = Debug|Any CPU
		{785C5DE2-92E8-469C-9EFD-D7C8FB5254E8}.Debug|x86.ActiveCfg = Debug|Any CPU
		{785C5DE2-92E8-469C-9EFD-D7C8FB5254E8}.Debug|x86.Build.0 = Debug|Any CPU
		{785C5DE2-92E8-469C-9EFD-D7C8FB5254E8}.Release|Any CPU.ActiveCfg = Release|Any CPU
		{785C5DE2-92E8-469C-9EFD-D7C8FB5254E8}.Release|Any CPU.Build.0 = Release|Any CPU
		{785C5DE2-92E8-469C-9EFD-D7C8FB5254E8}.Release|x64.ActiveCfg = Release|Any CPU
		{785C5DE2-92E8-469C-9EFD-D7C8FB5254E8}.Release|x64.Build.0 = Release|Any CPU
		{785C5DE2-92E8-469C-9EFD-D7C8FB5254E8}.Release|x86.ActiveCfg = Release|Any CPU
		{785C5DE2-92E8-469C-9EFD-D7C8FB5254E8}.Release|x86.Build.0 = Release|Any CPU
		{4592DC7E-C138-40FF-B225-EB0D42F3F92F}.Debug|Any CPU.ActiveCfg = Debug|Any CPU
		{4592DC7E-C138-40FF-B225-EB0D42F3F92F}.Debug|Any CPU.Build.0 = Debug|Any CPU
		{4592DC7E-C138-40FF-B225-EB0D42F3F92F}.Debug|x64.ActiveCfg = Debug|Any CPU
		{4592DC7E-C138-40FF-B225-EB0D42F3F92F}.Debug|x64.Build.0 = Debug|Any CPU
		{4592DC7E-C138-40FF-B225-EB0D42F3F92F}.Debug|x86.ActiveCfg = Debug|Any CPU
		{4592DC7E-C138-40FF-B225-EB0D42F3F92F}.Debug|x86.Build.0 = Debug|Any CPU
		{4592DC7E-C138-40FF-B225-EB0D42F3F92F}.Release|Any CPU.ActiveCfg = Release|Any CPU
		{4592DC7E-C138-40FF-B225-EB0D42F3F92F}.Release|Any CPU.Build.0 = Release|Any CPU
		{4592DC7E-C138-40FF-B225-EB0D42F3F92F}.Release|x64.ActiveCfg = Release|Any CPU
		{4592DC7E-C138-40FF-B225-EB0D42F3F92F}.Release|x64.Build.0 = Release|Any CPU
		{4592DC7E-C138-40FF-B225-EB0D42F3F92F}.Release|x86.ActiveCfg = Release|Any CPU
		{4592DC7E-C138-40FF-B225-EB0D42F3F92F}.Release|x86.Build.0 = Release|Any CPU
		{983CF731-1329-43EE-8B34-8E09A708EF14}.Debug|Any CPU.ActiveCfg = Debug|Any CPU
		{983CF731-1329-43EE-8B34-8E09A708EF14}.Debug|Any CPU.Build.0 = Debug|Any CPU
		{983CF731-1329-43EE-8B34-8E09A708EF14}.Debug|x64.ActiveCfg = Debug|Any CPU
		{983CF731-1329-43EE-8B34-8E09A708EF14}.Debug|x64.Build.0 = Debug|Any CPU
		{983CF731-1329-43EE-8B34-8E09A708EF14}.Debug|x86.ActiveCfg = Debug|Any CPU
		{983CF731-1329-43EE-8B34-8E09A708EF14}.Debug|x86.Build.0 = Debug|Any CPU
		{983CF731-1329-43EE-8B34-8E09A708EF14}.Release|Any CPU.ActiveCfg = Release|Any CPU
		{983CF731-1329-43EE-8B34-8E09A708EF14}.Release|Any CPU.Build.0 = Release|Any CPU
		{983CF731-1329-43EE-8B34-8E09A708EF14}.Release|x64.ActiveCfg = Release|Any CPU
		{983CF731-1329-43EE-8B34-8E09A708EF14}.Release|x64.Build.0 = Release|Any CPU
		{983CF731-1329-43EE-8B34-8E09A708EF14}.Release|x86.ActiveCfg = Release|Any CPU
		{983CF731-1329-43EE-8B34-8E09A708EF14}.Release|x86.Build.0 = Release|Any CPU
		{D3D4B786-A373-477E-BFF9-CD09E98B036F}.Debug|Any CPU.ActiveCfg = Debug|Any CPU
		{D3D4B786-A373-477E-BFF9-CD09E98B036F}.Debug|Any CPU.Build.0 = Debug|Any CPU
		{D3D4B786-A373-477E-BFF9-CD09E98B036F}.Debug|x64.ActiveCfg = Debug|Any CPU
		{D3D4B786-A373-477E-BFF9-CD09E98B036F}.Debug|x64.Build.0 = Debug|Any CPU
		{D3D4B786-A373-477E-BFF9-CD09E98B036F}.Debug|x86.ActiveCfg = Debug|Any CPU
		{D3D4B786-A373-477E-BFF9-CD09E98B036F}.Debug|x86.Build.0 = Debug|Any CPU
		{D3D4B786-A373-477E-BFF9-CD09E98B036F}.Release|Any CPU.ActiveCfg = Release|Any CPU
		{D3D4B786-A373-477E-BFF9-CD09E98B036F}.Release|Any CPU.Build.0 = Release|Any CPU
		{D3D4B786-A373-477E-BFF9-CD09E98B036F}.Release|x64.ActiveCfg = Release|Any CPU
		{D3D4B786-A373-477E-BFF9-CD09E98B036F}.Release|x64.Build.0 = Release|Any CPU
		{D3D4B786-A373-477E-BFF9-CD09E98B036F}.Release|x86.ActiveCfg = Release|Any CPU
		{D3D4B786-A373-477E-BFF9-CD09E98B036F}.Release|x86.Build.0 = Release|Any CPU
		{08E1A22A-830F-4FE7-ACEA-75FF2176DE25}.Debug|Any CPU.ActiveCfg = Debug|Any CPU
		{08E1A22A-830F-4FE7-ACEA-75FF2176DE25}.Debug|Any CPU.Build.0 = Debug|Any CPU
		{08E1A22A-830F-4FE7-ACEA-75FF2176DE25}.Debug|x64.ActiveCfg = Debug|Any CPU
		{08E1A22A-830F-4FE7-ACEA-75FF2176DE25}.Debug|x64.Build.0 = Debug|Any CPU
		{08E1A22A-830F-4FE7-ACEA-75FF2176DE25}.Debug|x86.ActiveCfg = Debug|Any CPU
		{08E1A22A-830F-4FE7-ACEA-75FF2176DE25}.Debug|x86.Build.0 = Debug|Any CPU
		{08E1A22A-830F-4FE7-ACEA-75FF2176DE25}.Release|Any CPU.ActiveCfg = Release|Any CPU
		{08E1A22A-830F-4FE7-ACEA-75FF2176DE25}.Release|Any CPU.Build.0 = Release|Any CPU
		{08E1A22A-830F-4FE7-ACEA-75FF2176DE25}.Release|x64.ActiveCfg = Release|Any CPU
		{08E1A22A-830F-4FE7-ACEA-75FF2176DE25}.Release|x64.Build.0 = Release|Any CPU
		{08E1A22A-830F-4FE7-ACEA-75FF2176DE25}.Release|x86.ActiveCfg = Release|Any CPU
		{08E1A22A-830F-4FE7-ACEA-75FF2176DE25}.Release|x86.Build.0 = Release|Any CPU
		{9DCD07F6-9A48-4A7C-A6EC-BC8DBC9B319D}.Debug|Any CPU.ActiveCfg = Debug|Win32
		{9DCD07F6-9A48-4A7C-A6EC-BC8DBC9B319D}.Debug|x64.ActiveCfg = Debug|x64
		{9DCD07F6-9A48-4A7C-A6EC-BC8DBC9B319D}.Debug|x64.Build.0 = Debug|x64
		{9DCD07F6-9A48-4A7C-A6EC-BC8DBC9B319D}.Debug|x86.ActiveCfg = Debug|Win32
		{9DCD07F6-9A48-4A7C-A6EC-BC8DBC9B319D}.Debug|x86.Build.0 = Debug|Win32
		{9DCD07F6-9A48-4A7C-A6EC-BC8DBC9B319D}.Release|Any CPU.ActiveCfg = Release|Win32
		{9DCD07F6-9A48-4A7C-A6EC-BC8DBC9B319D}.Release|x64.ActiveCfg = Release|x64
		{9DCD07F6-9A48-4A7C-A6EC-BC8DBC9B319D}.Release|x64.Build.0 = Release|x64
		{9DCD07F6-9A48-4A7C-A6EC-BC8DBC9B319D}.Release|x86.ActiveCfg = Release|Win32
		{9DCD07F6-9A48-4A7C-A6EC-BC8DBC9B319D}.Release|x86.Build.0 = Release|Win32
		{5C89BFD9-D73B-4F88-A2B6-DC52BDF958E4}.Debug|Any CPU.ActiveCfg = Debug|Any CPU
		{5C89BFD9-D73B-4F88-A2B6-DC52BDF958E4}.Debug|Any CPU.Build.0 = Debug|Any CPU
		{5C89BFD9-D73B-4F88-A2B6-DC52BDF958E4}.Debug|x64.ActiveCfg = Debug|Any CPU
		{5C89BFD9-D73B-4F88-A2B6-DC52BDF958E4}.Debug|x64.Build.0 = Debug|Any CPU
		{5C89BFD9-D73B-4F88-A2B6-DC52BDF958E4}.Debug|x86.ActiveCfg = Debug|Any CPU
		{5C89BFD9-D73B-4F88-A2B6-DC52BDF958E4}.Debug|x86.Build.0 = Debug|Any CPU
		{5C89BFD9-D73B-4F88-A2B6-DC52BDF958E4}.Release|Any CPU.ActiveCfg = Release|Any CPU
		{5C89BFD9-D73B-4F88-A2B6-DC52BDF958E4}.Release|Any CPU.Build.0 = Release|Any CPU
		{5C89BFD9-D73B-4F88-A2B6-DC52BDF958E4}.Release|x64.ActiveCfg = Release|Any CPU
		{5C89BFD9-D73B-4F88-A2B6-DC52BDF958E4}.Release|x64.Build.0 = Release|Any CPU
		{5C89BFD9-D73B-4F88-A2B6-DC52BDF958E4}.Release|x86.ActiveCfg = Release|Any CPU
		{5C89BFD9-D73B-4F88-A2B6-DC52BDF958E4}.Release|x86.Build.0 = Release|Any CPU
		{275670BE-9DB4-4D7E-8719-500589160866}.Debug|Any CPU.ActiveCfg = Debug|Any CPU
		{275670BE-9DB4-4D7E-8719-500589160866}.Debug|Any CPU.Build.0 = Debug|Any CPU
		{275670BE-9DB4-4D7E-8719-500589160866}.Debug|x64.ActiveCfg = Debug|Any CPU
		{275670BE-9DB4-4D7E-8719-500589160866}.Debug|x64.Build.0 = Debug|Any CPU
		{275670BE-9DB4-4D7E-8719-500589160866}.Debug|x86.ActiveCfg = Debug|Any CPU
		{275670BE-9DB4-4D7E-8719-500589160866}.Debug|x86.Build.0 = Debug|Any CPU
		{275670BE-9DB4-4D7E-8719-500589160866}.Release|Any CPU.ActiveCfg = Release|Any CPU
		{275670BE-9DB4-4D7E-8719-500589160866}.Release|Any CPU.Build.0 = Release|Any CPU
		{275670BE-9DB4-4D7E-8719-500589160866}.Release|x64.ActiveCfg = Release|Any CPU
		{275670BE-9DB4-4D7E-8719-500589160866}.Release|x64.Build.0 = Release|Any CPU
		{275670BE-9DB4-4D7E-8719-500589160866}.Release|x86.ActiveCfg = Release|Any CPU
		{275670BE-9DB4-4D7E-8719-500589160866}.Release|x86.Build.0 = Release|Any CPU
		{5B58F4C0-D523-4514-B636-3B73C52DB7FD}.Debug|Any CPU.ActiveCfg = Debug|Any CPU
		{5B58F4C0-D523-4514-B636-3B73C52DB7FD}.Debug|Any CPU.Build.0 = Debug|Any CPU
		{5B58F4C0-D523-4514-B636-3B73C52DB7FD}.Debug|x64.ActiveCfg = Debug|Any CPU
		{5B58F4C0-D523-4514-B636-3B73C52DB7FD}.Debug|x64.Build.0 = Debug|Any CPU
		{5B58F4C0-D523-4514-B636-3B73C52DB7FD}.Debug|x86.ActiveCfg = Debug|Any CPU
		{5B58F4C0-D523-4514-B636-3B73C52DB7FD}.Debug|x86.Build.0 = Debug|Any CPU
		{5B58F4C0-D523-4514-B636-3B73C52DB7FD}.Release|Any CPU.ActiveCfg = Release|Any CPU
		{5B58F4C0-D523-4514-B636-3B73C52DB7FD}.Release|Any CPU.Build.0 = Release|Any CPU
		{5B58F4C0-D523-4514-B636-3B73C52DB7FD}.Release|x64.ActiveCfg = Release|Any CPU
		{5B58F4C0-D523-4514-B636-3B73C52DB7FD}.Release|x64.Build.0 = Release|Any CPU
		{5B58F4C0-D523-4514-B636-3B73C52DB7FD}.Release|x86.ActiveCfg = Release|Any CPU
		{5B58F4C0-D523-4514-B636-3B73C52DB7FD}.Release|x86.Build.0 = Release|Any CPU
		{DE820568-FAD9-43CF-9F32-C10A31B35ECE}.Debug|Any CPU.ActiveCfg = Debug|Any CPU
		{DE820568-FAD9-43CF-9F32-C10A31B35ECE}.Debug|Any CPU.Build.0 = Debug|Any CPU
		{DE820568-FAD9-43CF-9F32-C10A31B35ECE}.Debug|x64.ActiveCfg = Debug|Any CPU
		{DE820568-FAD9-43CF-9F32-C10A31B35ECE}.Debug|x64.Build.0 = Debug|Any CPU
		{DE820568-FAD9-43CF-9F32-C10A31B35ECE}.Debug|x86.ActiveCfg = Debug|Any CPU
		{DE820568-FAD9-43CF-9F32-C10A31B35ECE}.Debug|x86.Build.0 = Debug|Any CPU
		{DE820568-FAD9-43CF-9F32-C10A31B35ECE}.Release|Any CPU.ActiveCfg = Release|Any CPU
		{DE820568-FAD9-43CF-9F32-C10A31B35ECE}.Release|Any CPU.Build.0 = Release|Any CPU
		{DE820568-FAD9-43CF-9F32-C10A31B35ECE}.Release|x64.ActiveCfg = Release|Any CPU
		{DE820568-FAD9-43CF-9F32-C10A31B35ECE}.Release|x64.Build.0 = Release|Any CPU
		{DE820568-FAD9-43CF-9F32-C10A31B35ECE}.Release|x86.ActiveCfg = Release|Any CPU
		{DE820568-FAD9-43CF-9F32-C10A31B35ECE}.Release|x86.Build.0 = Release|Any CPU
		{11F34A2D-6391-428D-8756-D5C2F7690AB5}.Debug|Any CPU.ActiveCfg = Debug|Any CPU
		{11F34A2D-6391-428D-8756-D5C2F7690AB5}.Debug|Any CPU.Build.0 = Debug|Any CPU
		{11F34A2D-6391-428D-8756-D5C2F7690AB5}.Debug|x64.ActiveCfg = Debug|Any CPU
		{11F34A2D-6391-428D-8756-D5C2F7690AB5}.Debug|x64.Build.0 = Debug|Any CPU
		{11F34A2D-6391-428D-8756-D5C2F7690AB5}.Debug|x86.ActiveCfg = Debug|Any CPU
		{11F34A2D-6391-428D-8756-D5C2F7690AB5}.Debug|x86.Build.0 = Debug|Any CPU
		{11F34A2D-6391-428D-8756-D5C2F7690AB5}.Release|Any CPU.ActiveCfg = Release|Any CPU
		{11F34A2D-6391-428D-8756-D5C2F7690AB5}.Release|Any CPU.Build.0 = Release|Any CPU
		{11F34A2D-6391-428D-8756-D5C2F7690AB5}.Release|x64.ActiveCfg = Release|Any CPU
		{11F34A2D-6391-428D-8756-D5C2F7690AB5}.Release|x64.Build.0 = Release|Any CPU
		{11F34A2D-6391-428D-8756-D5C2F7690AB5}.Release|x86.ActiveCfg = Release|Any CPU
		{11F34A2D-6391-428D-8756-D5C2F7690AB5}.Release|x86.Build.0 = Release|Any CPU
		{E730AD89-9794-4D05-B0D2-472EBEFD1F72}.Debug|Any CPU.ActiveCfg = Debug|Any CPU
		{E730AD89-9794-4D05-B0D2-472EBEFD1F72}.Debug|Any CPU.Build.0 = Debug|Any CPU
		{E730AD89-9794-4D05-B0D2-472EBEFD1F72}.Debug|x64.ActiveCfg = Debug|Any CPU
		{E730AD89-9794-4D05-B0D2-472EBEFD1F72}.Debug|x64.Build.0 = Debug|Any CPU
		{E730AD89-9794-4D05-B0D2-472EBEFD1F72}.Debug|x86.ActiveCfg = Debug|Any CPU
		{E730AD89-9794-4D05-B0D2-472EBEFD1F72}.Debug|x86.Build.0 = Debug|Any CPU
		{E730AD89-9794-4D05-B0D2-472EBEFD1F72}.Release|Any CPU.ActiveCfg = Release|Any CPU
		{E730AD89-9794-4D05-B0D2-472EBEFD1F72}.Release|Any CPU.Build.0 = Release|Any CPU
		{E730AD89-9794-4D05-B0D2-472EBEFD1F72}.Release|x64.ActiveCfg = Release|Any CPU
		{E730AD89-9794-4D05-B0D2-472EBEFD1F72}.Release|x64.Build.0 = Release|Any CPU
		{E730AD89-9794-4D05-B0D2-472EBEFD1F72}.Release|x86.ActiveCfg = Release|Any CPU
		{E730AD89-9794-4D05-B0D2-472EBEFD1F72}.Release|x86.Build.0 = Release|Any CPU
		{AE2BB996-A56E-45CA-ABF1-5945EEE8E8DE}.Debug|Any CPU.ActiveCfg = Debug|Any CPU
		{AE2BB996-A56E-45CA-ABF1-5945EEE8E8DE}.Debug|Any CPU.Build.0 = Debug|Any CPU
		{AE2BB996-A56E-45CA-ABF1-5945EEE8E8DE}.Debug|x64.ActiveCfg = Debug|Any CPU
		{AE2BB996-A56E-45CA-ABF1-5945EEE8E8DE}.Debug|x64.Build.0 = Debug|Any CPU
		{AE2BB996-A56E-45CA-ABF1-5945EEE8E8DE}.Debug|x86.ActiveCfg = Debug|Any CPU
		{AE2BB996-A56E-45CA-ABF1-5945EEE8E8DE}.Debug|x86.Build.0 = Debug|Any CPU
		{AE2BB996-A56E-45CA-ABF1-5945EEE8E8DE}.Release|Any CPU.ActiveCfg = Release|Any CPU
		{AE2BB996-A56E-45CA-ABF1-5945EEE8E8DE}.Release|Any CPU.Build.0 = Release|Any CPU
		{AE2BB996-A56E-45CA-ABF1-5945EEE8E8DE}.Release|x64.ActiveCfg = Release|Any CPU
		{AE2BB996-A56E-45CA-ABF1-5945EEE8E8DE}.Release|x64.Build.0 = Release|Any CPU
		{AE2BB996-A56E-45CA-ABF1-5945EEE8E8DE}.Release|x86.ActiveCfg = Release|Any CPU
		{AE2BB996-A56E-45CA-ABF1-5945EEE8E8DE}.Release|x86.Build.0 = Release|Any CPU
		{A3929C97-533D-4105-A85D-AA8AFE22E0D0}.Debug|Any CPU.ActiveCfg = Debug|Any CPU
		{A3929C97-533D-4105-A85D-AA8AFE22E0D0}.Debug|Any CPU.Build.0 = Debug|Any CPU
		{A3929C97-533D-4105-A85D-AA8AFE22E0D0}.Debug|x64.ActiveCfg = Debug|Any CPU
		{A3929C97-533D-4105-A85D-AA8AFE22E0D0}.Debug|x64.Build.0 = Debug|Any CPU
		{A3929C97-533D-4105-A85D-AA8AFE22E0D0}.Debug|x86.ActiveCfg = Debug|Any CPU
		{A3929C97-533D-4105-A85D-AA8AFE22E0D0}.Debug|x86.Build.0 = Debug|Any CPU
		{A3929C97-533D-4105-A85D-AA8AFE22E0D0}.Release|Any CPU.ActiveCfg = Release|Any CPU
		{A3929C97-533D-4105-A85D-AA8AFE22E0D0}.Release|Any CPU.Build.0 = Release|Any CPU
		{A3929C97-533D-4105-A85D-AA8AFE22E0D0}.Release|x64.ActiveCfg = Release|Any CPU
		{A3929C97-533D-4105-A85D-AA8AFE22E0D0}.Release|x64.Build.0 = Release|Any CPU
		{A3929C97-533D-4105-A85D-AA8AFE22E0D0}.Release|x86.ActiveCfg = Release|Any CPU
		{A3929C97-533D-4105-A85D-AA8AFE22E0D0}.Release|x86.Build.0 = Release|Any CPU
		{1C245579-7C47-4E91-9C82-AFBAA45A9B40}.Debug|Any CPU.ActiveCfg = Debug|Any CPU
		{1C245579-7C47-4E91-9C82-AFBAA45A9B40}.Debug|Any CPU.Build.0 = Debug|Any CPU
		{1C245579-7C47-4E91-9C82-AFBAA45A9B40}.Debug|x64.ActiveCfg = Debug|Any CPU
		{1C245579-7C47-4E91-9C82-AFBAA45A9B40}.Debug|x64.Build.0 = Debug|Any CPU
		{1C245579-7C47-4E91-9C82-AFBAA45A9B40}.Debug|x86.ActiveCfg = Debug|Any CPU
		{1C245579-7C47-4E91-9C82-AFBAA45A9B40}.Debug|x86.Build.0 = Debug|Any CPU
		{1C245579-7C47-4E91-9C82-AFBAA45A9B40}.Release|Any CPU.ActiveCfg = Release|Any CPU
		{1C245579-7C47-4E91-9C82-AFBAA45A9B40}.Release|Any CPU.Build.0 = Release|Any CPU
		{1C245579-7C47-4E91-9C82-AFBAA45A9B40}.Release|x64.ActiveCfg = Release|Any CPU
		{1C245579-7C47-4E91-9C82-AFBAA45A9B40}.Release|x64.Build.0 = Release|Any CPU
		{1C245579-7C47-4E91-9C82-AFBAA45A9B40}.Release|x86.ActiveCfg = Release|Any CPU
		{1C245579-7C47-4E91-9C82-AFBAA45A9B40}.Release|x86.Build.0 = Release|Any CPU
	EndGlobalSection
	GlobalSection(SolutionProperties) = preSolution
		HideSolutionNode = FALSE
	EndGlobalSection
	GlobalSection(NestedProjects) = preSolution
		{74EF8FFD-6FD9-4264-9A37-3588859F170E} = {BD22F841-D4D3-47E8-9E9C-F5FE86372C2B}
		{E64D9C93-2E7F-4BC7-A0C5-4404887D5742} = {BD22F841-D4D3-47E8-9E9C-F5FE86372C2B}
		{08E1A22A-830F-4FE7-ACEA-75FF2176DE25} = {BD22F841-D4D3-47E8-9E9C-F5FE86372C2B}
		{5C89BFD9-D73B-4F88-A2B6-DC52BDF958E4} = {BD22F841-D4D3-47E8-9E9C-F5FE86372C2B}
		{A3929C97-533D-4105-A85D-AA8AFE22E0D0} = {BD22F841-D4D3-47E8-9E9C-F5FE86372C2B}
	EndGlobalSection
	GlobalSection(ExtensibilityGlobals) = postSolution
		SolutionGuid = {0750EB6C-8318-41A4-A8E8-333258F26FF4}
	EndGlobalSection
EndGlobal
