
Microsoft Visual Studio Solution File, Format Version 12.00
# Visual Studio 15
VisualStudioVersion = 15.0.26730.12
MinimumVisualStudioVersion = 10.0.40219.1
Project("{2150E333-8FDC-42A3-9474-1A3956D46DE8}") = "Solution Items", "Solution Items", "{238BF873-13DD-4E62-93CD-31A85EB65C0F}"
	ProjectSection(SolutionItems) = preProject
		.travis.yml = .travis.yml
		nuget.config = nuget.config
		README.md = README.md
	EndProjectSection
EndProject
Project("{9A19103F-16F7-4668-BE54-9A1E7A4F7556}") = "RaspberryPi.PiGPIO", "RaspberryPi.PiGPIO\RaspberryPi.PiGPIO.csproj", "{B5985AB3-2772-41CC-9A42-1E3BD10B5441}"
EndProject
Project("{9A19103F-16F7-4668-BE54-9A1E7A4F7556}") = "RaspberryPi.PiGPIO.Drivers", "RaspberryPi.PiGPIO.Drivers\RaspberryPi.PiGPIO.Drivers.csproj", "{6F93D11F-F01E-4FE2-95F1-0628D1C65AFE}"
EndProject
Project("{FAE04EC0-301F-11D3-BF4B-00C04F79EFBC}") = "RaspberryPi.PiGPIO.Animations", "RaspberryPi.PiGPIO.Animations\RaspberryPi.PiGPIO.Animations.csproj", "{337679BB-12A9-45AA-9134-C34762391F55}"
EndProject
Global
	GlobalSection(SolutionConfigurationPlatforms) = preSolution
		Debug|Any CPU = Debug|Any CPU
		Release|Any CPU = Release|Any CPU
	EndGlobalSection
	GlobalSection(ProjectConfigurationPlatforms) = postSolution
		{B5985AB3-2772-41CC-9A42-1E3BD10B5441}.Debug|Any CPU.ActiveCfg = Debug|Any CPU
		{B5985AB3-2772-41CC-9A42-1E3BD10B5441}.Debug|Any CPU.Build.0 = Debug|Any CPU
		{B5985AB3-2772-41CC-9A42-1E3BD10B5441}.Release|Any CPU.ActiveCfg = Release|Any CPU
		{B5985AB3-2772-41CC-9A42-1E3BD10B5441}.Release|Any CPU.Build.0 = Release|Any CPU
		{6F93D11F-F01E-4FE2-95F1-0628D1C65AFE}.Debug|Any CPU.ActiveCfg = Debug|Any CPU
		{6F93D11F-F01E-4FE2-95F1-0628D1C65AFE}.Debug|Any CPU.Build.0 = Debug|Any CPU
		{6F93D11F-F01E-4FE2-95F1-0628D1C65AFE}.Release|Any CPU.ActiveCfg = Release|Any CPU
		{6F93D11F-F01E-4FE2-95F1-0628D1C65AFE}.Release|Any CPU.Build.0 = Release|Any CPU
		{337679BB-12A9-45AA-9134-C34762391F55}.Debug|Any CPU.ActiveCfg = Debug|Any CPU
		{337679BB-12A9-45AA-9134-C34762391F55}.Debug|Any CPU.Build.0 = Debug|Any CPU
		{337679BB-12A9-45AA-9134-C34762391F55}.Release|Any CPU.ActiveCfg = Release|Any CPU
		{337679BB-12A9-45AA-9134-C34762391F55}.Release|Any CPU.Build.0 = Release|Any CPU
	EndGlobalSection
	GlobalSection(SolutionProperties) = preSolution
		HideSolutionNode = FALSE
	EndGlobalSection
	GlobalSection(ExtensibilityGlobals) = postSolution
		SolutionGuid = {0750EB6C-8318-41A4-A8E8-333258F26FF4}
	EndGlobalSection
EndGlobal
